
Microsoft Visual Studio Solution File, Format Version 12.00
# Visual Studio Version 16
VisualStudioVersion = 25.0.1703.0
MinimumVisualStudioVersion = 10.0.40219.1
Project("{FAE04EC0-301F-11D3-BF4B-00C04F79EFBC}") = "Tester.Core", "Tester.Core\Tester.Core.csproj", "{29804BED-7A6C-4E52-BBF0-E0D063907F59}"
EndProject
Project("{FAE04EC0-301F-11D3-BF4B-00C04F79EFBC}") = "Tester.xUnit", "Tester.xUnit\Tester.xUnit.csproj", "{52C2669A-C81E-498D-BEA0-442B269ADFF8}"
EndProject
Project("{FAE04EC0-301F-11D3-BF4B-00C04F79EFBC}") = "Tester.MSTest", "Tester.MSTest\Tester.MSTest.csproj", "{C69988D9-1760-42A9-BA58-DE146A3EC299}"
EndProject
Global
	GlobalSection(SolutionConfigurationPlatforms) = preSolution
		Debug|Any CPU = Debug|Any CPU
		Release|Any CPU = Release|Any CPU
	EndGlobalSection
	GlobalSection(ProjectConfigurationPlatforms) = postSolution
		{29804BED-7A6C-4E52-BBF0-E0D063907F59}.Debug|Any CPU.ActiveCfg = Debug|Any CPU
		{29804BED-7A6C-4E52-BBF0-E0D063907F59}.Debug|Any CPU.Build.0 = Debug|Any CPU
		{29804BED-7A6C-4E52-BBF0-E0D063907F59}.Release|Any CPU.ActiveCfg = Release|Any CPU
		{29804BED-7A6C-4E52-BBF0-E0D063907F59}.Release|Any CPU.Build.0 = Release|Any CPU
		{52C2669A-C81E-498D-BEA0-442B269ADFF8}.Debug|Any CPU.ActiveCfg = Debug|Any CPU
		{52C2669A-C81E-498D-BEA0-442B269ADFF8}.Debug|Any CPU.Build.0 = Debug|Any CPU
		{52C2669A-C81E-498D-BEA0-442B269ADFF8}.Release|Any CPU.ActiveCfg = Release|Any CPU
		{52C2669A-C81E-498D-BEA0-442B269ADFF8}.Release|Any CPU.Build.0 = Release|Any CPU
		{C69988D9-1760-42A9-BA58-DE146A3EC299}.Debug|Any CPU.ActiveCfg = Debug|Any CPU
		{C69988D9-1760-42A9-BA58-DE146A3EC299}.Debug|Any CPU.Build.0 = Debug|Any CPU
		{C69988D9-1760-42A9-BA58-DE146A3EC299}.Release|Any CPU.ActiveCfg = Release|Any CPU
		{C69988D9-1760-42A9-BA58-DE146A3EC299}.Release|Any CPU.Build.0 = Release|Any CPU
	EndGlobalSection
	GlobalSection(SolutionProperties) = preSolution
		HideSolutionNode = FALSE
	EndGlobalSection
	GlobalSection(ExtensibilityGlobals) = postSolution
		SolutionGuid = {46FA46B6-4918-46DC-B926-ED7EDC1BE024}
	EndGlobalSection
EndGlobal
